<?xml version="1.0" encoding="utf-8"?>
<Project ToolsVersion="4.0" xmlns="http://schemas.microsoft.com/developer/msbuild/2003">
  <ItemGroup>
    <ClCompile Include="camera.cpp">
      <Filter>cppファイル</Filter>
    </ClCompile>
    <ClCompile Include="computer.cpp">
      <Filter>cppファイル</Filter>
    </ClCompile>
    <ClCompile Include="crosshair.cpp">
      <Filter>cppファイル</Filter>
    </ClCompile>
    <ClCompile Include="debugproc.cpp">
      <Filter>cppファイル</Filter>
    </ClCompile>
    <ClCompile Include="effect_3d.cpp">
      <Filter>cppファイル</Filter>
    </ClCompile>
    <ClCompile Include="esa.cpp">
      <Filter>cppファイル</Filter>
    </ClCompile>
    <ClCompile Include="fade.cpp">
      <Filter>cppファイル</Filter>
    </ClCompile>
    <ClCompile Include="file.cpp">
      <Filter>cppファイル</Filter>
    </ClCompile>
    <ClCompile Include="fishes.cpp">
      <Filter>cppファイル</Filter>
    </ClCompile>
    <ClCompile Include="game.cpp">
      <Filter>cppファイル</Filter>
    </ClCompile>
    <ClCompile Include="input.cpp">
      <Filter>cppファイル</Filter>
    </ClCompile>
    <ClCompile Include="light.cpp">
      <Filter>cppファイル</Filter>
    </ClCompile>
    <ClCompile Include="logo.cpp">
      <Filter>cppファイル</Filter>
    </ClCompile>
    <ClCompile Include="main.cpp">
      <Filter>cppファイル</Filter>
    </ClCompile>
    <ClCompile Include="map.cpp">
      <Filter>cppファイル</Filter>
    </ClCompile>
    <ClCompile Include="meshcylinder.cpp">
      <Filter>cppファイル</Filter>
    </ClCompile>
    <ClCompile Include="meshdome.cpp">
      <Filter>cppファイル</Filter>
    </ClCompile>
    <ClCompile Include="meshfield.cpp">
      <Filter>cppファイル</Filter>
    </ClCompile>
    <ClCompile Include="meshorbit.cpp">
      <Filter>cppファイル</Filter>
    </ClCompile>
    <ClCompile Include="meshring.cpp">
      <Filter>cppファイル</Filter>
    </ClCompile>
    <ClCompile Include="model.cpp">
      <Filter>cppファイル</Filter>
    </ClCompile>
    <ClCompile Include="object.cpp">
      <Filter>cppファイル</Filter>
    </ClCompile>
    <ClCompile Include="oceancurrents.cpp">
      <Filter>cppファイル</Filter>
    </ClCompile>
    <ClCompile Include="particle_3d.cpp">
      <Filter>cppファイル</Filter>
    </ClCompile>
    <ClCompile Include="pause.cpp">
      <Filter>cppファイル</Filter>
    </ClCompile>
    <ClCompile Include="player.cpp">
      <Filter>cppファイル</Filter>
    </ClCompile>
    <ClCompile Include="pot.cpp">
      <Filter>cppファイル</Filter>
    </ClCompile>
    <ClCompile Include="ranking.cpp">
      <Filter>cppファイル</Filter>
    </ClCompile>
    <ClCompile Include="result.cpp">
      <Filter>cppファイル</Filter>
    </ClCompile>
    <ClCompile Include="result2.cpp">
      <Filter>cppファイル</Filter>
    </ClCompile>
    <ClCompile Include="screen.cpp">
      <Filter>cppファイル</Filter>
    </ClCompile>
    <ClCompile Include="seadust.cpp">
      <Filter>cppファイル</Filter>
    </ClCompile>
    <ClCompile Include="sound.cpp">
      <Filter>cppファイル</Filter>
    </ClCompile>
    <ClCompile Include="stage.cpp">
      <Filter>cppファイル</Filter>
    </ClCompile>
    <ClCompile Include="time.cpp">
      <Filter>cppファイル</Filter>
    </ClCompile>
    <ClCompile Include="title.cpp">
      <Filter>cppファイル</Filter>
    </ClCompile>
    <ClCompile Include="tutorial.cpp">
      <Filter>cppファイル</Filter>
    </ClCompile>
    <ClCompile Include="tutorialtxt.cpp">
      <Filter>cppファイル</Filter>
    </ClCompile>
    <ClCompile Include="ui_esa.cpp">
      <Filter>cppファイル</Filter>
    </ClCompile>
    <ClCompile Include="ui_gaugeicon.cpp">
      <Filter>cppファイル</Filter>
    </ClCompile>
    <ClCompile Include="ui_result_getscore.cpp">
      <Filter>cppファイル</Filter>
    </ClCompile>
    <ClCompile Include="watetrsurf.cpp">
      <Filter>cppファイル</Filter>
    </ClCompile>
  </ItemGroup>
  <ItemGroup>
    <ClInclude Include="camera.h">
      <Filter>hファイル</Filter>
    </ClInclude>
    <ClInclude Include="computer.h">
      <Filter>hファイル</Filter>
    </ClInclude>
    <ClInclude Include="crosshair.h">
      <Filter>hファイル</Filter>
    </ClInclude>
    <ClInclude Include="debugproc.h">
      <Filter>hファイル</Filter>
    </ClInclude>
    <ClInclude Include="effect_3d.h">
      <Filter>hファイル</Filter>
    </ClInclude>
    <ClInclude Include="esa.h">
      <Filter>hファイル</Filter>
    </ClInclude>
    <ClInclude Include="fade.h">
      <Filter>hファイル</Filter>
    </ClInclude>
    <ClInclude Include="file.h">
      <Filter>hファイル</Filter>
    </ClInclude>
    <ClInclude Include="fishes.h">
      <Filter>hファイル</Filter>
    </ClInclude>
    <ClInclude Include="game.h">
      <Filter>hファイル</Filter>
    </ClInclude>
    <ClInclude Include="input.h">
      <Filter>hファイル</Filter>
    </ClInclude>
    <ClInclude Include="light.h">
      <Filter>hファイル</Filter>
    </ClInclude>
    <ClInclude Include="logo.h">
      <Filter>hファイル</Filter>
    </ClInclude>
    <ClInclude Include="main.h">
      <Filter>hファイル</Filter>
    </ClInclude>
    <ClInclude Include="map.h">
      <Filter>hファイル</Filter>
    </ClInclude>
    <ClInclude Include="meshcylinder.h">
      <Filter>hファイル</Filter>
    </ClInclude>
    <ClInclude Include="meshdome.h">
      <Filter>hファイル</Filter>
    </ClInclude>
    <ClInclude Include="meshfield.h">
      <Filter>hファイル</Filter>
    </ClInclude>
    <ClInclude Include="meshorbit.h">
      <Filter>hファイル</Filter>
    </ClInclude>
    <ClInclude Include="meshring.h">
      <Filter>hファイル</Filter>
    </ClInclude>
    <ClInclude Include="model.h">
      <Filter>hファイル</Filter>
    </ClInclude>
    <ClInclude Include="object.h">
      <Filter>hファイル</Filter>
    </ClInclude>
    <ClInclude Include="oceancurrents.h">
      <Filter>hファイル</Filter>
    </ClInclude>
    <ClInclude Include="particle_3d.h">
      <Filter>hファイル</Filter>
    </ClInclude>
    <ClInclude Include="pause.h">
      <Filter>hファイル</Filter>
    </ClInclude>
    <ClInclude Include="player.h">
      <Filter>hファイル</Filter>
    </ClInclude>
    <ClInclude Include="pot.h">
      <Filter>hファイル</Filter>
    </ClInclude>
    <ClInclude Include="ranking.h">
      <Filter>hファイル</Filter>
    </ClInclude>
    <ClInclude Include="result.h">
      <Filter>hファイル</Filter>
    </ClInclude>
    <ClInclude Include="result2.h">
      <Filter>hファイル</Filter>
    </ClInclude>
    <ClInclude Include="screen.h">
      <Filter>hファイル</Filter>
    </ClInclude>
    <ClInclude Include="seadust.h">
      <Filter>hファイル</Filter>
    </ClInclude>
    <ClInclude Include="sound.h">
      <Filter>hファイル</Filter>
    </ClInclude>
    <ClInclude Include="stage.h">
      <Filter>hファイル</Filter>
    </ClInclude>
    <ClInclude Include="time.h">
      <Filter>hファイル</Filter>
    </ClInclude>
    <ClInclude Include="title.h">
      <Filter>hファイル</Filter>
    </ClInclude>
    <ClInclude Include="tutorial.h">
      <Filter>hファイル</Filter>
    </ClInclude>
    <ClInclude Include="tutorialtxt.h">
      <Filter>hファイル</Filter>
    </ClInclude>
    <ClInclude Include="ui_esa.h">
      <Filter>hファイル</Filter>
    </ClInclude>
    <ClInclude Include="ui_gaugeicon.h">
      <Filter>hファイル</Filter>
    </ClInclude>
    <ClInclude Include="ui_result_getscore.h">
      <Filter>hファイル</Filter>
    </ClInclude>
    <ClInclude Include="watersurf.h">
      <Filter>hファイル</Filter>
    </ClInclude>
  </ItemGroup>
  <ItemGroup>
    <Filter Include="cppファイル">
      <UniqueIdentifier>{f53a934e-272c-4298-b879-346aef78f1a6}</UniqueIdentifier>
    </Filter>
    <Filter Include="hファイル">
      <UniqueIdentifier>{48b0bfa3-eb42-408b-aa76-32cbb46f96e3}</UniqueIdentifier>
    </Filter>
  </ItemGroup>
</Project>